{
    "version": 3,
    "terraform_version": "0.11.5",
    "serial": 2,
    "lineage": "f5ca5d0d-d519-ba43-3b34-94809d7da0fd",
    "modules": [
        {
            "path": [
                "root"
            ],
            "outputs": {},
            "resources": {
                "random_id.tf_bucket_id": {
                    "type": "random_id",
                    "depends_on": [],
                    "primary": {
                        "id": "Zc8",
                        "attributes": {
                            "b64": "Zc8",
                            "b64_std": "Zc8=",
                            "b64_url": "Zc8",
                            "byte_length": "2",
                            "dec": "26063",
                            "hex": "65cf",
                            "id": "Zc8"
                        },
                        "meta": {},
                        "tainted": false
                    },
                    "deposed": [],
                    "provider": "provider.random"
                }
            },
            "depends_on": []
        }
    ]
}
